// !$*UTF8*$!
{
	archiveVersion = 1;
	classes = {
	};
	objectVersion = 56;
	objects = {

/* Begin PBXBuildFile section */
		8C53AB2E2B0100720080BD0D /* SwiftUIView.swift in Sources */ = {isa = PBXBuildFile; fileRef = 8C53AB2D2B0100720080BD0D /* SwiftUIView.swift */; };
		8C9821242AFFBF9B003F1827 /* PlaygroundApp.swift in Sources */ = {isa = PBXBuildFile; fileRef = 8C9821232AFFBF9B003F1827 /* PlaygroundApp.swift */; };
		8C9821262AFFBF9B003F1827 /* FrameworksListView.swift in Sources */ = {isa = PBXBuildFile; fileRef = 8C9821252AFFBF9B003F1827 /* FrameworksListView.swift */; };
		8C9821282AFFBF9C003F1827 /* Assets.xcassets in Resources */ = {isa = PBXBuildFile; fileRef = 8C9821272AFFBF9C003F1827 /* Assets.xcassets */; };
		8C98212B2AFFBF9C003F1827 /* Preview Assets.xcassets in Resources */ = {isa = PBXBuildFile; fileRef = 8C98212A2AFFBF9C003F1827 /* Preview Assets.xcassets */; };
		8C9821322AFFC021003F1827 /* Framework.swift in Sources */ = {isa = PBXBuildFile; fileRef = 8C9821312AFFC021003F1827 /* Framework.swift */; };
		8C9821342AFFD99B003F1827 /* FrameworkDetailView.swift in Sources */ = {isa = PBXBuildFile; fileRef = 8C9821332AFFD99B003F1827 /* FrameworkDetailView.swift */; };
		8C9821382AFFDD22003F1827 /* FrameworkListViewModel.swift in Sources */ = {isa = PBXBuildFile; fileRef = 8C9821372AFFDD22003F1827 /* FrameworkListViewModel.swift */; };
		8C98213E2AFFE7CA003F1827 /* FrameworkTitleView.swift in Sources */ = {isa = PBXBuildFile; fileRef = 8C98213D2AFFE7CA003F1827 /* FrameworkTitleView.swift */; };
/* End PBXBuildFile section */

/* Begin PBXFileReference section */
		8C53AB2D2B0100720080BD0D /* SwiftUIView.swift */ = {isa = PBXFileReference; lastKnownFileType = sourcecode.swift; path = SwiftUIView.swift; sourceTree = "<group>"; };
		8C9821202AFFBF9B003F1827 /* Playground.app */ = {isa = PBXFileReference; explicitFileType = wrapper.application; includeInIndex = 0; path = Playground.app; sourceTree = BUILT_PRODUCTS_DIR; };
		8C9821232AFFBF9B003F1827 /* PlaygroundApp.swift */ = {isa = PBXFileReference; lastKnownFileType = sourcecode.swift; path = PlaygroundApp.swift; sourceTree = "<group>"; };
		8C9821252AFFBF9B003F1827 /* FrameworksListView.swift */ = {isa = PBXFileReference; lastKnownFileType = sourcecode.swift; path = FrameworksListView.swift; sourceTree = "<group>"; };
		8C9821272AFFBF9C003F1827 /* Assets.xcassets */ = {isa = PBXFileReference; lastKnownFileType = folder.assetcatalog; path = Assets.xcassets; sourceTree = "<group>"; };
		8C98212A2AFFBF9C003F1827 /* Preview Assets.xcassets */ = {isa = PBXFileReference; lastKnownFileType = folder.assetcatalog; path = "Preview Assets.xcassets"; sourceTree = "<group>"; };
		8C9821312AFFC021003F1827 /* Framework.swift */ = {isa = PBXFileReference; lastKnownFileType = sourcecode.swift; path = Framework.swift; sourceTree = "<group>"; };
		8C9821332AFFD99B003F1827 /* FrameworkDetailView.swift */ = {isa = PBXFileReference; lastKnownFileType = sourcecode.swift; path = FrameworkDetailView.swift; sourceTree = "<group>"; };
		8C9821372AFFDD22003F1827 /* FrameworkListViewModel.swift */ = {isa = PBXFileReference; lastKnownFileType = sourcecode.swift; path = FrameworkListViewModel.swift; sourceTree = "<group>"; };
		8C98213D2AFFE7CA003F1827 /* FrameworkTitleView.swift */ = {isa = PBXFileReference; lastKnownFileType = sourcecode.swift; path = FrameworkTitleView.swift; sourceTree = "<group>"; };
/* End PBXFileReference section */

/* Begin PBXFrameworksBuildPhase section */
		8C98211D2AFFBF9B003F1827 /* Frameworks */ = {
			isa = PBXFrameworksBuildPhase;
			buildActionMask = 2147483647;
			files = (
			);
			runOnlyForDeploymentPostprocessing = 0;
		};
/* End PBXFrameworksBuildPhase section */

/* Begin PBXGroup section */
		8C9821172AFFBF9B003F1827 = {
			isa = PBXGroup;
			children = (
				8C9821222AFFBF9B003F1827 /* Playground */,
				8C9821212AFFBF9B003F1827 /* Products */,
			);
			sourceTree = "<group>";
		};
		8C9821212AFFBF9B003F1827 /* Products */ = {
			isa = PBXGroup;
			children = (
				8C9821202AFFBF9B003F1827 /* Playground.app */,
			);
			name = Products;
			sourceTree = "<group>";
		};
		8C9821222AFFBF9B003F1827 /* Playground */ = {
			isa = PBXGroup;
			children = (
				8C98213C2AFFE7B9003F1827 /* Components */,
				8C98213B2AFFE67A003F1827 /* ViewModels */,
				8C98213A2AFFE673003F1827 /* Models */,
				8C9821392AFFE66D003F1827 /* Views */,
				8C9821232AFFBF9B003F1827 /* PlaygroundApp.swift */,
				8C9821272AFFBF9C003F1827 /* Assets.xcassets */,
				8C9821292AFFBF9C003F1827 /* Preview Content */,
			);
			path = Playground;
			sourceTree = "<group>";
		};
		8C9821292AFFBF9C003F1827 /* Preview Content */ = {
			isa = PBXGroup;
			children = (
				8C98212A2AFFBF9C003F1827 /* Preview Assets.xcassets */,
			);
			path = "Preview Content";
			sourceTree = "<group>";
		};
		8C9821392AFFE66D003F1827 /* Views */ = {
			isa = PBXGroup;
			children = (
				8C9821332AFFD99B003F1827 /* FrameworkDetailView.swift */,
				8C9821252AFFBF9B003F1827 /* FrameworksListView.swift */,
				8C53AB2D2B0100720080BD0D /* SwiftUIView.swift */,
			);
			path = Views;
			sourceTree = "<group>";
		};
		8C98213A2AFFE673003F1827 /* Models */ = {
			isa = PBXGroup;
			children = (
				8C9821312AFFC021003F1827 /* Framework.swift */,
			);
			path = Models;
			sourceTree = "<group>";
		};
		8C98213B2AFFE67A003F1827 /* ViewModels */ = {
			isa = PBXGroup;
			children = (
				8C9821372AFFDD22003F1827 /* FrameworkListViewModel.swift */,
			);
			path = ViewModels;
			sourceTree = "<group>";
		};
		8C98213C2AFFE7B9003F1827 /* Components */ = {
			isa = PBXGroup;
			children = (
				8C98213D2AFFE7CA003F1827 /* FrameworkTitleView.swift */,
			);
			path = Components;
			sourceTree = "<group>";
		};
/* End PBXGroup section */

/* Begin PBXNativeTarget section */
		8C98211F2AFFBF9B003F1827 /* Playground */ = {
			isa = PBXNativeTarget;
			buildConfigurationList = 8C98212E2AFFBF9C003F1827 /* Build configuration list for PBXNativeTarget "Playground" */;
			buildPhases = (
				8C98211C2AFFBF9B003F1827 /* Sources */,
				8C98211D2AFFBF9B003F1827 /* Frameworks */,
				8C98211E2AFFBF9B003F1827 /* Resources */,
			);
			buildRules = (
			);
			dependencies = (
			);
			name = Playground;
			productName = Playground;
			productReference = 8C9821202AFFBF9B003F1827 /* Playground.app */;
			productType = "com.apple.product-type.application";
		};
/* End PBXNativeTarget section */

/* Begin PBXProject section */
		8C9821182AFFBF9B003F1827 /* Project object */ = {
			isa = PBXProject;
			attributes = {
				BuildIndependentTargetsInParallel = 1;
				LastSwiftUpdateCheck = 1500;
				LastUpgradeCheck = 1500;
				TargetAttributes = {
					8C98211F2AFFBF9B003F1827 = {
						CreatedOnToolsVersion = 15.0;
					};
				};
			};
			buildConfigurationList = 8C98211B2AFFBF9B003F1827 /* Build configuration list for PBXProject "Playground" */;
			compatibilityVersion = "Xcode 14.0";
			developmentRegion = en;
			hasScannedForEncodings = 0;
			knownRegions = (
				en,
				Base,
			);
			mainGroup = 8C9821172AFFBF9B003F1827;
			productRefGroup = 8C9821212AFFBF9B003F1827 /* Products */;
			projectDirPath = "";
			projectRoot = "";
			targets = (
				8C98211F2AFFBF9B003F1827 /* Playground */,
			);
		};
/* End PBXProject section */

/* Begin PBXResourcesBuildPhase section */
		8C98211E2AFFBF9B003F1827 /* Resources */ = {
			isa = PBXResourcesBuildPhase;
			buildActionMask = 2147483647;
			files = (
				8C98212B2AFFBF9C003F1827 /* Preview Assets.xcassets in Resources */,
				8C9821282AFFBF9C003F1827 /* Assets.xcassets in Resources */,
			);
			runOnlyForDeploymentPostprocessing = 0;
		};
/* End PBXResourcesBuildPhase section */

/* Begin PBXSourcesBuildPhase section */
		8C98211C2AFFBF9B003F1827 /* Sources */ = {
			isa = PBXSourcesBuildPhase;
			buildActionMask = 2147483647;
			files = (
				8C9821342AFFD99B003F1827 /* FrameworkDetailView.swift in Sources */,
				8C53AB2E2B0100720080BD0D /* SwiftUIView.swift in Sources */,
				8C9821262AFFBF9B003F1827 /* FrameworksListView.swift in Sources */,
				8C98213E2AFFE7CA003F1827 /* FrameworkTitleView.swift in Sources */,
				8C9821322AFFC021003F1827 /* Framework.swift in Sources */,
				8C9821242AFFBF9B003F1827 /* PlaygroundApp.swift in Sources */,
				8C9821382AFFDD22003F1827 /* FrameworkListViewModel.swift in Sources */,
			);
			runOnlyForDeploymentPostprocessing = 0;
		};
/* End PBXSourcesBuildPhase section */

/* Begin XCBuildConfiguration section */
		8C98212C2AFFBF9C003F1827 /* Debug */ = {
			isa = XCBuildConfiguration;
			buildSettings = {
				ALWAYS_SEARCH_USER_PATHS = NO;
				ASSETCATALOG_COMPILER_GENERATE_SWIFT_ASSET_SYMBOL_EXTENSIONS = YES;
				CLANG_ANALYZER_NONNULL = YES;
				CLANG_ANALYZER_NUMBER_OBJECT_CONVERSION = YES_AGGRESSIVE;
				CLANG_CXX_LANGUAGE_STANDARD = "gnu++20";
				CLANG_ENABLE_MODULES = YES;
				CLANG_ENABLE_OBJC_ARC = YES;
				CLANG_ENABLE_OBJC_WEAK = YES;
				CLANG_WARN_BLOCK_CAPTURE_AUTORELEASING = YES;
				CLANG_WARN_BOOL_CONVERSION = YES;
				CLANG_WARN_COMMA = YES;
				CLANG_WARN_CONSTANT_CONVERSION = YES;
				CLANG_WARN_DEPRECATED_OBJC_IMPLEMENTATIONS = YES;
				CLANG_WARN_DIRECT_OBJC_ISA_USAGE = YES_ERROR;
				CLANG_WARN_DOCUMENTATION_COMMENTS = YES;
				CLANG_WARN_EMPTY_BODY = YES;
				CLANG_WARN_ENUM_CONVERSION = YES;
				CLANG_WARN_INFINITE_RECURSION = YES;
				CLANG_WARN_INT_CONVERSION = YES;
				CLANG_WARN_NON_LITERAL_NULL_CONVERSION = YES;
				CLANG_WARN_OBJC_IMPLICIT_RETAIN_SELF = YES;
				CLANG_WARN_OBJC_LITERAL_CONVERSION = YES;
				CLANG_WARN_OBJC_ROOT_CLASS = YES_ERROR;
				CLANG_WARN_QUOTED_INCLUDE_IN_FRAMEWORK_HEADER = YES;
				CLANG_WARN_RANGE_LOOP_ANALYSIS = YES;
				CLANG_WARN_STRICT_PROTOTYPES = YES;
				CLANG_WARN_SUSPICIOUS_MOVE = YES;
				CLANG_WARN_UNGUARDED_AVAILABILITY = YES_AGGRESSIVE;
				CLANG_WARN_UNREACHABLE_CODE = YES;
				CLANG_WARN__DUPLICATE_METHOD_MATCH = YES;
				COPY_PHASE_STRIP = NO;
				DEBUG_INFORMATION_FORMAT = dwarf;
				ENABLE_STRICT_OBJC_MSGSEND = YES;
				ENABLE_TESTABILITY = YES;
				ENABLE_USER_SCRIPT_SANDBOXING = YES;
				GCC_C_LANGUAGE_STANDARD = gnu17;
				GCC_DYNAMIC_NO_PIC = NO;
				GCC_NO_COMMON_BLOCKS = YES;
				GCC_OPTIMIZATION_LEVEL = 0;
				GCC_PREPROCESSOR_DEFINITIONS = (
					"DEBUG=1",
					"$(inherited)",
				);
				GCC_WARN_64_TO_32_BIT_CONVERSION = YES;
				GCC_WARN_ABOUT_RETURN_TYPE = YES_ERROR;
				GCC_WARN_UNDECLARED_SELECTOR = YES;
				GCC_WARN_UNINITIALIZED_AUTOS = YES_AGGRESSIVE;
				GCC_WARN_UNUSED_FUNCTION = YES;
				GCC_WARN_UNUSED_VARIABLE = YES;
				IPHONEOS_DEPLOYMENT_TARGET = 17.0;
				LOCALIZATION_PREFERS_STRING_CATALOGS = YES;
				MTL_ENABLE_DEBUG_INFO = INCLUDE_SOURCE;
				MTL_FAST_MATH = YES;
				ONLY_ACTIVE_ARCH = YES;
				SDKROOT = iphoneos;
				SWIFT_ACTIVE_COMPILATION_CONDITIONS = "DEBUG $(inherited)";
				SWIFT_OPTIMIZATION_LEVEL = "-Onone";
			};
			name = Debug;
		};
		8C98212D2AFFBF9C003F1827 /* Release */ = {
			isa = XCBuildConfiguration;
			buildSettings = {
				ALWAYS_SEARCH_USER_PATHS = NO;
				ASSETCATALOG_COMPILER_GENERATE_SWIFT_ASSET_SYMBOL_EXTENSIONS = YES;
				CLANG_ANALYZER_NONNULL = YES;
				CLANG_ANALYZER_NUMBER_OBJECT_CONVERSION = YES_AGGRESSIVE;
				CLANG_CXX_LANGUAGE_STANDARD = "gnu++20";
				CLANG_ENABLE_MODULES = YES;
				CLANG_ENABLE_OBJC_ARC = YES;
				CLANG_ENABLE_OBJC_WEAK = YES;
				CLANG_WARN_BLOCK_CAPTURE_AUTORELEASING = YES;
				CLANG_WARN_BOOL_CONVERSION = YES;
				CLANG_WARN_COMMA = YES;
				CLANG_WARN_CONSTANT_CONVERSION = YES;
				CLANG_WARN_DEPRECATED_OBJC_IMPLEMENTATIONS = YES;
				CLANG_WARN_DIRECT_OBJC_ISA_USAGE = YES_ERROR;
				CLANG_WARN_DOCUMENTATION_COMMENTS = YES;
				CLANG_WARN_EMPTY_BODY = YES;
				CLANG_WARN_ENUM_CONVERSION = YES;
				CLANG_WARN_INFINITE_RECURSION = YES;
				CLANG_WARN_INT_CONVERSION = YES;
				CLANG_WARN_NON_LITERAL_NULL_CONVERSION = YES;
				CLANG_WARN_OBJC_IMPLICIT_RETAIN_SELF = YES;
				CLANG_WARN_OBJC_LITERAL_CONVERSION = YES;
				CLANG_WARN_OBJC_ROOT_CLASS = YES_ERROR;
				CLANG_WARN_QUOTED_INCLUDE_IN_FRAMEWORK_HEADER = YES;
				CLANG_WARN_RANGE_LOOP_ANALYSIS = YES;
				CLANG_WARN_STRICT_PROTOTYPES = YES;
				CLANG_WARN_SUSPICIOUS_MOVE = YES;
				CLANG_WARN_UNGUARDED_AVAILABILITY = YES_AGGRESSIVE;
				CLANG_WARN_UNREACHABLE_CODE = YES;
				CLANG_WARN__DUPLICATE_METHOD_MATCH = YES;
				COPY_PHASE_STRIP = NO;
				DEBUG_INFORMATION_FORMAT = "dwarf-with-dsym";
				ENABLE_NS_ASSERTIONS = NO;
				ENABLE_STRICT_OBJC_MSGSEND = YES;
				ENABLE_USER_SCRIPT_SANDBOXING = YES;
				GCC_C_LANGUAGE_STANDARD = gnu17;
				GCC_NO_COMMON_BLOCKS = YES;
				GCC_WARN_64_TO_32_BIT_CONVERSION = YES;
				GCC_WARN_ABOUT_RETURN_TYPE = YES_ERROR;
				GCC_WARN_UNDECLARED_SELECTOR = YES;
				GCC_WARN_UNINITIALIZED_AUTOS = YES_AGGRESSIVE;
				GCC_WARN_UNUSED_FUNCTION = YES;
				GCC_WARN_UNUSED_VARIABLE = YES;
				IPHONEOS_DEPLOYMENT_TARGET = 17.0;
				LOCALIZATION_PREFERS_STRING_CATALOGS = YES;
				MTL_ENABLE_DEBUG_INFO = NO;
				MTL_FAST_MATH = YES;
				SDKROOT = iphoneos;
				SWIFT_COMPILATION_MODE = wholemodule;
				VALIDATE_PRODUCT = YES;
			};
			name = Release;
		};
		8C98212F2AFFBF9C003F1827 /* Debug */ = {
			isa = XCBuildConfiguration;
			buildSettings = {
				ASSETCATALOG_COMPILER_APPICON_NAME = AppIcon;
				ASSETCATALOG_COMPILER_GLOBAL_ACCENT_COLOR_NAME = AccentColor;
				CODE_SIGN_STYLE = Automatic;
				CURRENT_PROJECT_VERSION = 1;
				DEVELOPMENT_ASSET_PATHS = "\"Playground/Preview Content\"";
				DEVELOPMENT_TEAM = 9AF4QLJ2U2;
				ENABLE_PREVIEWS = YES;
				GENERATE_INFOPLIST_FILE = YES;
				INFOPLIST_KEY_CFBundleDisplayName = Frameworks;
				INFOPLIST_KEY_UIApplicationSceneManifest_Generation = YES;
				INFOPLIST_KEY_UIApplicationSupportsIndirectInputEvents = YES;
				INFOPLIST_KEY_UILaunchScreen_Generation = YES;
				INFOPLIST_KEY_UISupportedInterfaceOrientations_iPad = "UIInterfaceOrientationPortrait UIInterfaceOrientationPortraitUpsideDown UIInterfaceOrientationLandscapeLeft UIInterfaceOrientationLandscapeRight";
				INFOPLIST_KEY_UISupportedInterfaceOrientations_iPhone = "UIInterfaceOrientationPortrait UIInterfaceOrientationLandscapeLeft UIInterfaceOrientationLandscapeRight";
				LD_RUNPATH_SEARCH_PATHS = (
					"$(inherited)",
					"@executable_path/Frameworks",
				);
				MARKETING_VERSION = 1.0;
				PRODUCT_BUNDLE_IDENTIFIER = com.codewithjakub.Playground;
				PRODUCT_NAME = "$(TARGET_NAME)";
				SWIFT_EMIT_LOC_STRINGS = YES;
				SWIFT_VERSION = 5.0;
				TARGETED_DEVICE_FAMILY = "1,2";
			};
			name = Debug;
		};
		8C9821302AFFBF9C003F1827 /* Release */ = {
			isa = XCBuildConfiguration;
			buildSettings = {
				ASSETCATALOG_COMPILER_APPICON_NAME = AppIcon;
				ASSETCATALOG_COMPILER_GLOBAL_ACCENT_COLOR_NAME = AccentColor;
				CODE_SIGN_STYLE = Automatic;
				CURRENT_PROJECT_VERSION = 1;
				DEVELOPMENT_ASSET_PATHS = "\"Playground/Preview Content\"";
				DEVELOPMENT_TEAM = 9AF4QLJ2U2;
				ENABLE_PREVIEWS = YES;
				GENERATE_INFOPLIST_FILE = YES;
				INFOPLIST_KEY_CFBundleDisplayName = Frameworks;
				INFOPLIST_KEY_UIApplicationSceneManifest_Generation = YES;
				INFOPLIST_KEY_UIApplicationSupportsIndirectInputEvents = YES;
				INFOPLIST_KEY_UILaunchScreen_Generation = YES;
				INFOPLIST_KEY_UISupportedInterfaceOrientations_iPad = "UIInterfaceOrientationPortrait UIInterfaceOrientationPortraitUpsideDown UIInterfaceOrientationLandscapeLeft UIInterfaceOrientationLandscapeRight";
				INFOPLIST_KEY_UISupportedInterfaceOrientations_iPhone = "UIInterfaceOrientationPortrait UIInterfaceOrientationLandscapeLeft UIInterfaceOrientationLandscapeRight";
				LD_RUNPATH_SEARCH_PATHS = (
					"$(inherited)",
					"@executable_path/Frameworks",
				);
				MARKETING_VERSION = 1.0;
				PRODUCT_BUNDLE_IDENTIFIER = com.codewithjakub.Playground;
				PRODUCT_NAME = "$(TARGET_NAME)";
				SWIFT_EMIT_LOC_STRINGS = YES;
				SWIFT_VERSION = 5.0;
				TARGETED_DEVICE_FAMILY = "1,2";
			};
			name = Release;
		};
/* End XCBuildConfiguration section */

/* Begin XCConfigurationList section */
		8C98211B2AFFBF9B003F1827 /* Build configuration list for PBXProject "Playground" */ = {
			isa = XCConfigurationList;
			buildConfigurations = (
				8C98212C2AFFBF9C003F1827 /* Debug */,
				8C98212D2AFFBF9C003F1827 /* Release */,
			);
			defaultConfigurationIsVisible = 0;
			defaultConfigurationName = Release;
		};
		8C98212E2AFFBF9C003F1827 /* Build configuration list for PBXNativeTarget "Playground" */ = {
			isa = XCConfigurationList;
			buildConfigurations = (
				8C98212F2AFFBF9C003F1827 /* Debug */,
				8C9821302AFFBF9C003F1827 /* Release */,
			);
			defaultConfigurationIsVisible = 0;
			defaultConfigurationName = Release;
		};
/* End XCConfigurationList section */
	};
	rootObject = 8C9821182AFFBF9B003F1827 /* Project object */;
}
